// !$*UTF8*$!
{
	archiveVersion = 1;
	classes = {
	};
	objectVersion = 56;
	objects = {

/* Begin PBXBuildFile section */
		3D7491232A9FC69F00F1E157 /* easyOffiApp.swift in Sources */ = {isa = PBXBuildFile; fileRef = 3D7491222A9FC69F00F1E157 /* easyOffiApp.swift */; };
		3D7491252A9FC69F00F1E157 /* ContentView.swift in Sources */ = {isa = PBXBuildFile; fileRef = 3D7491242A9FC69F00F1E157 /* ContentView.swift */; };
		3D7491272A9FC6A000F1E157 /* Assets.xcassets in Resources */ = {isa = PBXBuildFile; fileRef = 3D7491262A9FC6A000F1E157 /* Assets.xcassets */; };
		3D74912A2A9FC6A000F1E157 /* Preview Assets.xcassets in Resources */ = {isa = PBXBuildFile; fileRef = 3D7491292A9FC6A000F1E157 /* Preview Assets.xcassets */; };
		3D7491342A9FC6A000F1E157 /* easyOffiTests.swift in Sources */ = {isa = PBXBuildFile; fileRef = 3D7491332A9FC6A000F1E157 /* easyOffiTests.swift */; };
		3D74913E2A9FC6A000F1E157 /* easyOffiUITests.swift in Sources */ = {isa = PBXBuildFile; fileRef = 3D74913D2A9FC6A000F1E157 /* easyOffiUITests.swift */; };
		3D7491402A9FC6A000F1E157 /* easyOffiUITestsLaunchTests.swift in Sources */ = {isa = PBXBuildFile; fileRef = 3D74913F2A9FC6A000F1E157 /* easyOffiUITestsLaunchTests.swift */; };
/* End PBXBuildFile section */

/* Begin PBXContainerItemProxy section */
		3D7491302A9FC6A000F1E157 /* PBXContainerItemProxy */ = {
			isa = PBXContainerItemProxy;
			containerPortal = 3D7491172A9FC69F00F1E157 /* Project object */;
			proxyType = 1;
			remoteGlobalIDString = 3D74911E2A9FC69F00F1E157;
			remoteInfo = easyOffi;
		};
		3D74913A2A9FC6A000F1E157 /* PBXContainerItemProxy */ = {
			isa = PBXContainerItemProxy;
			containerPortal = 3D7491172A9FC69F00F1E157 /* Project object */;
			proxyType = 1;
			remoteGlobalIDString = 3D74911E2A9FC69F00F1E157;
			remoteInfo = easyOffi;
		};
/* End PBXContainerItemProxy section */

/* Begin PBXFileReference section */
		3D74911F2A9FC69F00F1E157 /* easyOffi.app */ = {isa = PBXFileReference; explicitFileType = wrapper.application; includeInIndex = 0; path = easyOffi.app; sourceTree = BUILT_PRODUCTS_DIR; };
		3D7491222A9FC69F00F1E157 /* easyOffiApp.swift */ = {isa = PBXFileReference; lastKnownFileType = sourcecode.swift; path = easyOffiApp.swift; sourceTree = "<group>"; };
		3D7491242A9FC69F00F1E157 /* ContentView.swift */ = {isa = PBXFileReference; lastKnownFileType = sourcecode.swift; path = ContentView.swift; sourceTree = "<group>"; };
		3D7491262A9FC6A000F1E157 /* Assets.xcassets */ = {isa = PBXFileReference; lastKnownFileType = folder.assetcatalog; path = Assets.xcassets; sourceTree = "<group>"; };
		3D7491292A9FC6A000F1E157 /* Preview Assets.xcassets */ = {isa = PBXFileReference; lastKnownFileType = folder.assetcatalog; path = "Preview Assets.xcassets"; sourceTree = "<group>"; };
		3D74912F2A9FC6A000F1E157 /* easyOffiTests.xctest */ = {isa = PBXFileReference; explicitFileType = wrapper.cfbundle; includeInIndex = 0; path = easyOffiTests.xctest; sourceTree = BUILT_PRODUCTS_DIR; };
		3D7491332A9FC6A000F1E157 /* easyOffiTests.swift */ = {isa = PBXFileReference; lastKnownFileType = sourcecode.swift; path = easyOffiTests.swift; sourceTree = "<group>"; };
		3D7491392A9FC6A000F1E157 /* easyOffiUITests.xctest */ = {isa = PBXFileReference; explicitFileType = wrapper.cfbundle; includeInIndex = 0; path = easyOffiUITests.xctest; sourceTree = BUILT_PRODUCTS_DIR; };
		3D74913D2A9FC6A000F1E157 /* easyOffiUITests.swift */ = {isa = PBXFileReference; lastKnownFileType = sourcecode.swift; path = easyOffiUITests.swift; sourceTree = "<group>"; };
		3D74913F2A9FC6A000F1E157 /* easyOffiUITestsLaunchTests.swift */ = {isa = PBXFileReference; lastKnownFileType = sourcecode.swift; path = easyOffiUITestsLaunchTests.swift; sourceTree = "<group>"; };
/* End PBXFileReference section */

/* Begin PBXFrameworksBuildPhase section */
		3D74911C2A9FC69F00F1E157 /* Frameworks */ = {
			isa = PBXFrameworksBuildPhase;
			buildActionMask = 2147483647;
			files = (
			);
			runOnlyForDeploymentPostprocessing = 0;
		};
		3D74912C2A9FC6A000F1E157 /* Frameworks */ = {
			isa = PBXFrameworksBuildPhase;
			buildActionMask = 2147483647;
			files = (
			);
			runOnlyForDeploymentPostprocessing = 0;
		};
		3D7491362A9FC6A000F1E157 /* Frameworks */ = {
			isa = PBXFrameworksBuildPhase;
			buildActionMask = 2147483647;
			files = (
			);
			runOnlyForDeploymentPostprocessing = 0;
		};
/* End PBXFrameworksBuildPhase section */

/* Begin PBXGroup section */
		3D7491162A9FC69F00F1E157 = {
			isa = PBXGroup;
			children = (
				3D7491212A9FC69F00F1E157 /* easyOffi */,
				3D7491322A9FC6A000F1E157 /* easyOffiTests */,
				3D74913C2A9FC6A000F1E157 /* easyOffiUITests */,
				3D7491202A9FC69F00F1E157 /* Products */,
			);
			sourceTree = "<group>";
		};
		3D7491202A9FC69F00F1E157 /* Products */ = {
			isa = PBXGroup;
			children = (
				3D74911F2A9FC69F00F1E157 /* easyOffi.app */,
				3D74912F2A9FC6A000F1E157 /* easyOffiTests.xctest */,
				3D7491392A9FC6A000F1E157 /* easyOffiUITests.xctest */,
			);
			name = Products;
			sourceTree = "<group>";
		};
		3D7491212A9FC69F00F1E157 /* easyOffi */ = {
			isa = PBXGroup;
			children = (
				3D7491222A9FC69F00F1E157 /* easyOffiApp.swift */,
				3D7491242A9FC69F00F1E157 /* ContentView.swift */,
				3D7491262A9FC6A000F1E157 /* Assets.xcassets */,
				3D7491282A9FC6A000F1E157 /* Preview Content */,
			);
			path = easyOffi;
			sourceTree = "<group>";
		};
		3D7491282A9FC6A000F1E157 /* Preview Content */ = {
			isa = PBXGroup;
			children = (
				3D7491292A9FC6A000F1E157 /* Preview Assets.xcassets */,
			);
			path = "Preview Content";
			sourceTree = "<group>";
		};
		3D7491322A9FC6A000F1E157 /* easyOffiTests */ = {
			isa = PBXGroup;
			children = (
				3D7491332A9FC6A000F1E157 /* easyOffiTests.swift */,
			);
			path = easyOffiTests;
			sourceTree = "<group>";
		};
		3D74913C2A9FC6A000F1E157 /* easyOffiUITests */ = {
			isa = PBXGroup;
			children = (
				3D74913D2A9FC6A000F1E157 /* easyOffiUITests.swift */,
				3D74913F2A9FC6A000F1E157 /* easyOffiUITestsLaunchTests.swift */,
			);
			path = easyOffiUITests;
			sourceTree = "<group>";
		};
/* End PBXGroup section */

/* Begin PBXNativeTarget section */
		3D74911E2A9FC69F00F1E157 /* easyOffi */ = {
			isa = PBXNativeTarget;
			buildConfigurationList = 3D7491432A9FC6A000F1E157 /* Build configuration list for PBXNativeTarget "easyOffi" */;
			buildPhases = (
				3D74911B2A9FC69F00F1E157 /* Sources */,
				3D74911C2A9FC69F00F1E157 /* Frameworks */,
				3D74911D2A9FC69F00F1E157 /* Resources */,
			);
			buildRules = (
			);
			dependencies = (
			);
			name = easyOffi;
			productName = easyOffi;
			productReference = 3D74911F2A9FC69F00F1E157 /* easyOffi.app */;
			productType = "com.apple.product-type.application";
		};
		3D74912E2A9FC6A000F1E157 /* easyOffiTests */ = {
			isa = PBXNativeTarget;
			buildConfigurationList = 3D7491462A9FC6A000F1E157 /* Build configuration list for PBXNativeTarget "easyOffiTests" */;
			buildPhases = (
				3D74912B2A9FC6A000F1E157 /* Sources */,
				3D74912C2A9FC6A000F1E157 /* Frameworks */,
				3D74912D2A9FC6A000F1E157 /* Resources */,
			);
			buildRules = (
			);
			dependencies = (
				3D7491312A9FC6A000F1E157 /* PBXTargetDependency */,
			);
			name = easyOffiTests;
			productName = easyOffiTests;
			productReference = 3D74912F2A9FC6A000F1E157 /* easyOffiTests.xctest */;
			productType = "com.apple.product-type.bundle.unit-test";
		};
		3D7491382A9FC6A000F1E157 /* easyOffiUITests */ = {
			isa = PBXNativeTarget;
			buildConfigurationList = 3D7491492A9FC6A000F1E157 /* Build configuration list for PBXNativeTarget "easyOffiUITests" */;
			buildPhases = (
				3D7491352A9FC6A000F1E157 /* Sources */,
				3D7491362A9FC6A000F1E157 /* Frameworks */,
				3D7491372A9FC6A000F1E157 /* Resources */,
			);
			buildRules = (
			);
			dependencies = (
				3D74913B2A9FC6A000F1E157 /* PBXTargetDependency */,
			);
			name = easyOffiUITests;
			productName = easyOffiUITests;
			productReference = 3D7491392A9FC6A000F1E157 /* easyOffiUITests.xctest */;
			productType = "com.apple.product-type.bundle.ui-testing";
		};
/* End PBXNativeTarget section */

/* Begin PBXProject section */
		3D7491172A9FC69F00F1E157 /* Project object */ = {
			isa = PBXProject;
			attributes = {
				BuildIndependentTargetsInParallel = 1;
				LastSwiftUpdateCheck = 1430;
				LastUpgradeCheck = 1430;
				TargetAttributes = {
					3D74911E2A9FC69F00F1E157 = {
						CreatedOnToolsVersion = 14.3.1;
					};
					3D74912E2A9FC6A000F1E157 = {
						CreatedOnToolsVersion = 14.3.1;
						TestTargetID = 3D74911E2A9FC69F00F1E157;
					};
					3D7491382A9FC6A000F1E157 = {
						CreatedOnToolsVersion = 14.3.1;
						TestTargetID = 3D74911E2A9FC69F00F1E157;
					};
				};
			};
			buildConfigurationList = 3D74911A2A9FC69F00F1E157 /* Build configuration list for PBXProject "easyOffi" */;
			compatibilityVersion = "Xcode 14.0";
			developmentRegion = en;
			hasScannedForEncodings = 0;
			knownRegions = (
				en,
				Base,
			);
			mainGroup = 3D7491162A9FC69F00F1E157;
			productRefGroup = 3D7491202A9FC69F00F1E157 /* Products */;
			projectDirPath = "";
			projectRoot = "";
			targets = (
				3D74911E2A9FC69F00F1E157 /* easyOffi */,
				3D74912E2A9FC6A000F1E157 /* easyOffiTests */,
				3D7491382A9FC6A000F1E157 /* easyOffiUITests */,
			);
		};
/* End PBXProject section */

/* Begin PBXResourcesBuildPhase section */
		3D74911D2A9FC69F00F1E157 /* Resources */ = {
			isa = PBXResourcesBuildPhase;
			buildActionMask = 2147483647;
			files = (
				3D74912A2A9FC6A000F1E157 /* Preview Assets.xcassets in Resources */,
				3D7491272A9FC6A000F1E157 /* Assets.xcassets in Resources */,
			);
			runOnlyForDeploymentPostprocessing = 0;
		};
		3D74912D2A9FC6A000F1E157 /* Resources */ = {
			isa = PBXResourcesBuildPhase;
			buildActionMask = 2147483647;
			files = (
			);
			runOnlyForDeploymentPostprocessing = 0;
		};
		3D7491372A9FC6A000F1E157 /* Resources */ = {
			isa = PBXResourcesBuildPhase;
			buildActionMask = 2147483647;
			files = (
			);
			runOnlyForDeploymentPostprocessing = 0;
		};
/* End PBXResourcesBuildPhase section */

/* Begin PBXSourcesBuildPhase section */
		3D74911B2A9FC69F00F1E157 /* Sources */ = {
			isa = PBXSourcesBuildPhase;
			buildActionMask = 2147483647;
			files = (
				3D7491252A9FC69F00F1E157 /* ContentView.swift in Sources */,
				3D7491232A9FC69F00F1E157 /* easyOffiApp.swift in Sources */,
			);
			runOnlyForDeploymentPostprocessing = 0;
		};
		3D74912B2A9FC6A000F1E157 /* Sources */ = {
			isa = PBXSourcesBuildPhase;
			buildActionMask = 2147483647;
			files = (
				3D7491342A9FC6A000F1E157 /* easyOffiTests.swift in Sources */,
			);
			runOnlyForDeploymentPostprocessing = 0;
		};
		3D7491352A9FC6A000F1E157 /* Sources */ = {
			isa = PBXSourcesBuildPhase;
			buildActionMask = 2147483647;
			files = (
				3D7491402A9FC6A000F1E157 /* easyOffiUITestsLaunchTests.swift in Sources */,
				3D74913E2A9FC6A000F1E157 /* easyOffiUITests.swift in Sources */,
			);
			runOnlyForDeploymentPostprocessing = 0;
		};
/* End PBXSourcesBuildPhase section */

/* Begin PBXTargetDependency section */
		3D7491312A9FC6A000F1E157 /* PBXTargetDependency */ = {
			isa = PBXTargetDependency;
			target = 3D74911E2A9FC69F00F1E157 /* easyOffi */;
			targetProxy = 3D7491302A9FC6A000F1E157 /* PBXContainerItemProxy */;
		};
		3D74913B2A9FC6A000F1E157 /* PBXTargetDependency */ = {
			isa = PBXTargetDependency;
			target = 3D74911E2A9FC69F00F1E157 /* easyOffi */;
			targetProxy = 3D74913A2A9FC6A000F1E157 /* PBXContainerItemProxy */;
		};
/* End PBXTargetDependency section */

/* Begin XCBuildConfiguration section */
		3D7491412A9FC6A000F1E157 /* Debug */ = {
			isa = XCBuildConfiguration;
			buildSettings = {
				ALWAYS_SEARCH_USER_PATHS = NO;
				CLANG_ANALYZER_NONNULL = YES;
				CLANG_ANALYZER_NUMBER_OBJECT_CONVERSION = YES_AGGRESSIVE;
				CLANG_CXX_LANGUAGE_STANDARD = "gnu++20";
				CLANG_ENABLE_MODULES = YES;
				CLANG_ENABLE_OBJC_ARC = YES;
				CLANG_ENABLE_OBJC_WEAK = YES;
				CLANG_WARN_BLOCK_CAPTURE_AUTORELEASING = YES;
				CLANG_WARN_BOOL_CONVERSION = YES;
				CLANG_WARN_COMMA = YES;
				CLANG_WARN_CONSTANT_CONVERSION = YES;
				CLANG_WARN_DEPRECATED_OBJC_IMPLEMENTATIONS = YES;
				CLANG_WARN_DIRECT_OBJC_ISA_USAGE = YES_ERROR;
				CLANG_WARN_DOCUMENTATION_COMMENTS = YES;
				CLANG_WARN_EMPTY_BODY = YES;
				CLANG_WARN_ENUM_CONVERSION = YES;
				CLANG_WARN_INFINITE_RECURSION = YES;
				CLANG_WARN_INT_CONVERSION = YES;
				CLANG_WARN_NON_LITERAL_NULL_CONVERSION = YES;
				CLANG_WARN_OBJC_IMPLICIT_RETAIN_SELF = YES;
				CLANG_WARN_OBJC_LITERAL_CONVERSION = YES;
				CLANG_WARN_OBJC_ROOT_CLASS = YES_ERROR;
				CLANG_WARN_QUOTED_INCLUDE_IN_FRAMEWORK_HEADER = YES;
				CLANG_WARN_RANGE_LOOP_ANALYSIS = YES;
				CLANG_WARN_STRICT_PROTOTYPES = YES;
				CLANG_WARN_SUSPICIOUS_MOVE = YES;
				CLANG_WARN_UNGUARDED_AVAILABILITY = YES_AGGRESSIVE;
				CLANG_WARN_UNREACHABLE_CODE = YES;
				CLANG_WARN__DUPLICATE_METHOD_MATCH = YES;
				COPY_PHASE_STRIP = NO;
				DEBUG_INFORMATION_FORMAT = dwarf;
				ENABLE_STRICT_OBJC_MSGSEND = YES;
				ENABLE_TESTABILITY = YES;
				GCC_C_LANGUAGE_STANDARD = gnu11;
				GCC_DYNAMIC_NO_PIC = NO;
				GCC_NO_COMMON_BLOCKS = YES;
				GCC_OPTIMIZATION_LEVEL = 0;
				GCC_PREPROCESSOR_DEFINITIONS = (
					"DEBUG=1",
					"$(inherited)",
				);
				GCC_WARN_64_TO_32_BIT_CONVERSION = YES;
				GCC_WARN_ABOUT_RETURN_TYPE = YES_ERROR;
				GCC_WARN_UNDECLARED_SELECTOR = YES;
				GCC_WARN_UNINITIALIZED_AUTOS = YES_AGGRESSIVE;
				GCC_WARN_UNUSED_FUNCTION = YES;
				GCC_WARN_UNUSED_VARIABLE = YES;
				IPHONEOS_DEPLOYMENT_TARGET = 16.4;
				MTL_ENABLE_DEBUG_INFO = INCLUDE_SOURCE;
				MTL_FAST_MATH = YES;
				ONLY_ACTIVE_ARCH = YES;
				SDKROOT = iphoneos;
				SWIFT_ACTIVE_COMPILATION_CONDITIONS = DEBUG;
				SWIFT_OPTIMIZATION_LEVEL = "-Onone";
			};
			name = Debug;
		};
		3D7491422A9FC6A000F1E157 /* Release */ = {
			isa = XCBuildConfiguration;
			buildSettings = {
				ALWAYS_SEARCH_USER_PATHS = NO;
				CLANG_ANALYZER_NONNULL = YES;
				CLANG_ANALYZER_NUMBER_OBJECT_CONVERSION = YES_AGGRESSIVE;
				CLANG_CXX_LANGUAGE_STANDARD = "gnu++20";
				CLANG_ENABLE_MODULES = YES;
				CLANG_ENABLE_OBJC_ARC = YES;
				CLANG_ENABLE_OBJC_WEAK = YES;
				CLANG_WARN_BLOCK_CAPTURE_AUTORELEASING = YES;
				CLANG_WARN_BOOL_CONVERSION = YES;
				CLANG_WARN_COMMA = YES;
				CLANG_WARN_CONSTANT_CONVERSION = YES;
				CLANG_WARN_DEPRECATED_OBJC_IMPLEMENTATIONS = YES;
				CLANG_WARN_DIRECT_OBJC_ISA_USAGE = YES_ERROR;
				CLANG_WARN_DOCUMENTATION_COMMENTS = YES;
				CLANG_WARN_EMPTY_BODY = YES;
				CLANG_WARN_ENUM_CONVERSION = YES;
				CLANG_WARN_INFINITE_RECURSION = YES;
				CLANG_WARN_INT_CONVERSION = YES;
				CLANG_WARN_NON_LITERAL_NULL_CONVERSION = YES;
				CLANG_WARN_OBJC_IMPLICIT_RETAIN_SELF = YES;
				CLANG_WARN_OBJC_LITERAL_CONVERSION = YES;
				CLANG_WARN_OBJC_ROOT_CLASS = YES_ERROR;
				CLANG_WARN_QUOTED_INCLUDE_IN_FRAMEWORK_HEADER = YES;
				CLANG_WARN_RANGE_LOOP_ANALYSIS = YES;
				CLANG_WARN_STRICT_PROTOTYPES = YES;
				CLANG_WARN_SUSPICIOUS_MOVE = YES;
				CLANG_WARN_UNGUARDED_AVAILABILITY = YES_AGGRESSIVE;
				CLANG_WARN_UNREACHABLE_CODE = YES;
				CLANG_WARN__DUPLICATE_METHOD_MATCH = YES;
				COPY_PHASE_STRIP = NO;
				DEBUG_INFORMATION_FORMAT = "dwarf-with-dsym";
				ENABLE_NS_ASSERTIONS = NO;
				ENABLE_STRICT_OBJC_MSGSEND = YES;
				GCC_C_LANGUAGE_STANDARD = gnu11;
				GCC_NO_COMMON_BLOCKS = YES;
				GCC_WARN_64_TO_32_BIT_CONVERSION = YES;
				GCC_WARN_ABOUT_RETURN_TYPE = YES_ERROR;
				GCC_WARN_UNDECLARED_SELECTOR = YES;
				GCC_WARN_UNINITIALIZED_AUTOS = YES_AGGRESSIVE;
				GCC_WARN_UNUSED_FUNCTION = YES;
				GCC_WARN_UNUSED_VARIABLE = YES;
				IPHONEOS_DEPLOYMENT_TARGET = 16.4;
				MTL_ENABLE_DEBUG_INFO = NO;
				MTL_FAST_MATH = YES;
				SDKROOT = iphoneos;
				SWIFT_COMPILATION_MODE = wholemodule;
				SWIFT_OPTIMIZATION_LEVEL = "-O";
				VALIDATE_PRODUCT = YES;
			};
			name = Release;
		};
		3D7491442A9FC6A000F1E157 /* Debug */ = {
			isa = XCBuildConfiguration;
			buildSettings = {
				ASSETCATALOG_COMPILER_APPICON_NAME = AppIcon;
				ASSETCATALOG_COMPILER_GLOBAL_ACCENT_COLOR_NAME = AccentColor;
				CODE_SIGN_STYLE = Automatic;
				CURRENT_PROJECT_VERSION = 1;
				DEVELOPMENT_ASSET_PATHS = "\"easyOffi/Preview Content\"";
				DEVELOPMENT_TEAM = XNGTPZ3LFN;
				ENABLE_PREVIEWS = YES;
				GENERATE_INFOPLIST_FILE = YES;
				INFOPLIST_KEY_UIApplicationSceneManifest_Generation = YES;
				INFOPLIST_KEY_UIApplicationSupportsIndirectInputEvents = YES;
				INFOPLIST_KEY_UILaunchScreen_Generation = YES;
				INFOPLIST_KEY_UISupportedInterfaceOrientations_iPad = "UIInterfaceOrientationPortrait UIInterfaceOrientationPortraitUpsideDown UIInterfaceOrientationLandscapeLeft UIInterfaceOrientationLandscapeRight";
				INFOPLIST_KEY_UISupportedInterfaceOrientations_iPhone = "UIInterfaceOrientationPortrait UIInterfaceOrientationLandscapeLeft UIInterfaceOrientationLandscapeRight";
				IPHONEOS_DEPLOYMENT_TARGET = 16.4;
				LD_RUNPATH_SEARCH_PATHS = (
					"$(inherited)",
					"@executable_path/Frameworks",
				);
				MARKETING_VERSION = 1.0;
				PRODUCT_BUNDLE_IDENTIFIER = jk.easyOffi;
				PRODUCT_NAME = "$(TARGET_NAME)";
				SWIFT_EMIT_LOC_STRINGS = YES;
				SWIFT_VERSION = 5.0;
				TARGETED_DEVICE_FAMILY = "1,2";
			};
			name = Debug;
		};
		3D7491452A9FC6A000F1E157 /* Release */ = {
			isa = XCBuildConfiguration;
			buildSettings = {
				ASSETCATALOG_COMPILER_APPICON_NAME = AppIcon;
				ASSETCATALOG_COMPILER_GLOBAL_ACCENT_COLOR_NAME = AccentColor;
				CODE_SIGN_STYLE = Automatic;
				CURRENT_PROJECT_VERSION = 1;
				DEVELOPMENT_ASSET_PATHS = "\"easyOffi/Preview Content\"";
				DEVELOPMENT_TEAM = XNGTPZ3LFN;
				ENABLE_PREVIEWS = YES;
				GENERATE_INFOPLIST_FILE = YES;
				INFOPLIST_KEY_UIApplicationSceneManifest_Generation = YES;
				INFOPLIST_KEY_UIApplicationSupportsIndirectInputEvents = YES;
				INFOPLIST_KEY_UILaunchScreen_Generation = YES;
				INFOPLIST_KEY_UISupportedInterfaceOrientations_iPad = "UIInterfaceOrientationPortrait UIInterfaceOrientationPortraitUpsideDown UIInterfaceOrientationLandscapeLeft UIInterfaceOrientationLandscapeRight";
				INFOPLIST_KEY_UISupportedInterfaceOrientations_iPhone = "UIInterfaceOrientationPortrait UIInterfaceOrientationLandscapeLeft UIInterfaceOrientationLandscapeRight";
				IPHONEOS_DEPLOYMENT_TARGET = 16.4;
				LD_RUNPATH_SEARCH_PATHS = (
					"$(inherited)",
					"@executable_path/Frameworks",
				);
				MARKETING_VERSION = 1.0;
				PRODUCT_BUNDLE_IDENTIFIER = jk.easyOffi;
				PRODUCT_NAME = "$(TARGET_NAME)";
				SWIFT_EMIT_LOC_STRINGS = YES;
				SWIFT_VERSION = 5.0;
				TARGETED_DEVICE_FAMILY = "1,2";
			};
			name = Release;
		};
		3D7491472A9FC6A000F1E157 /* Debug */ = {
			isa = XCBuildConfiguration;
			buildSettings = {
				ALWAYS_EMBED_SWIFT_STANDARD_LIBRARIES = YES;
				BUNDLE_LOADER = "$(TEST_HOST)";
				CODE_SIGN_STYLE = Automatic;
				CURRENT_PROJECT_VERSION = 1;
				DEVELOPMENT_TEAM = XNGTPZ3LFN;
				GENERATE_INFOPLIST_FILE = YES;
				IPHONEOS_DEPLOYMENT_TARGET = 16.4;
				MARKETING_VERSION = 1.0;
				PRODUCT_BUNDLE_IDENTIFIER = jk.easyOffiTests;
				PRODUCT_NAME = "$(TARGET_NAME)";
				SWIFT_EMIT_LOC_STRINGS = NO;
				SWIFT_VERSION = 5.0;
				TARGETED_DEVICE_FAMILY = "1,2";
				TEST_HOST = "$(BUILT_PRODUCTS_DIR)/easyOffi.app/$(BUNDLE_EXECUTABLE_FOLDER_PATH)/easyOffi";
			};
			name = Debug;
		};
		3D7491482A9FC6A000F1E157 /* Release */ = {
			isa = XCBuildConfiguration;
			buildSettings = {
				ALWAYS_EMBED_SWIFT_STANDARD_LIBRARIES = YES;
				BUNDLE_LOADER = "$(TEST_HOST)";
				CODE_SIGN_STYLE = Automatic;
				CURRENT_PROJECT_VERSION = 1;
				DEVELOPMENT_TEAM = XNGTPZ3LFN;
				GENERATE_INFOPLIST_FILE = YES;
				IPHONEOS_DEPLOYMENT_TARGET = 16.4;
				MARKETING_VERSION = 1.0;
				PRODUCT_BUNDLE_IDENTIFIER = jk.easyOffiTests;
				PRODUCT_NAME = "$(TARGET_NAME)";
				SWIFT_EMIT_LOC_STRINGS = NO;
				SWIFT_VERSION = 5.0;
				TARGETED_DEVICE_FAMILY = "1,2";
				TEST_HOST = "$(BUILT_PRODUCTS_DIR)/easyOffi.app/$(BUNDLE_EXECUTABLE_FOLDER_PATH)/easyOffi";
			};
			name = Release;
		};
		3D74914A2A9FC6A000F1E157 /* Debug */ = {
			isa = XCBuildConfiguration;
			buildSettings = {
				ALWAYS_EMBED_SWIFT_STANDARD_LIBRARIES = YES;
				CODE_SIGN_STYLE = Automatic;
				CURRENT_PROJECT_VERSION = 1;
				DEVELOPMENT_TEAM = XNGTPZ3LFN;
				GENERATE_INFOPLIST_FILE = YES;
				MARKETING_VERSION = 1.0;
				PRODUCT_BUNDLE_IDENTIFIER = jk.easyOffiUITests;
				PRODUCT_NAME = "$(TARGET_NAME)";
				SWIFT_EMIT_LOC_STRINGS = NO;
				SWIFT_VERSION = 5.0;
				TARGETED_DEVICE_FAMILY = "1,2";
				TEST_TARGET_NAME = easyOffi;
			};
			name = Debug;
		};
		3D74914B2A9FC6A000F1E157 /* Release */ = {
			isa = XCBuildConfiguration;
			buildSettings = {
				ALWAYS_EMBED_SWIFT_STANDARD_LIBRARIES = YES;
				CODE_SIGN_STYLE = Automatic;
				CURRENT_PROJECT_VERSION = 1;
				DEVELOPMENT_TEAM = XNGTPZ3LFN;
				GENERATE_INFOPLIST_FILE = YES;
				MARKETING_VERSION = 1.0;
				PRODUCT_BUNDLE_IDENTIFIER = jk.easyOffiUITests;
				PRODUCT_NAME = "$(TARGET_NAME)";
				SWIFT_EMIT_LOC_STRINGS = NO;
				SWIFT_VERSION = 5.0;
				TARGETED_DEVICE_FAMILY = "1,2";
				TEST_TARGET_NAME = easyOffi;
			};
			name = Release;
		};
/* End XCBuildConfiguration section */

/* Begin XCConfigurationList section */
		3D74911A2A9FC69F00F1E157 /* Build configuration list for PBXProject "easyOffi" */ = {
			isa = XCConfigurationList;
			buildConfigurations = (
				3D7491412A9FC6A000F1E157 /* Debug */,
				3D7491422A9FC6A000F1E157 /* Release */,
			);
			defaultConfigurationIsVisible = 0;
			defaultConfigurationName = Release;
		};
		3D7491432A9FC6A000F1E157 /* Build configuration list for PBXNativeTarget "easyOffi" */ = {
			isa = XCConfigurationList;
			buildConfigurations = (
				3D7491442A9FC6A000F1E157 /* Debug */,
				3D7491452A9FC6A000F1E157 /* Release */,
			);
			defaultConfigurationIsVisible = 0;
			defaultConfigurationName = Release;
		};
		3D7491462A9FC6A000F1E157 /* Build configuration list for PBXNativeTarget "easyOffiTests" */ = {
			isa = XCConfigurationList;
			buildConfigurations = (
				3D7491472A9FC6A000F1E157 /* Debug */,
				3D7491482A9FC6A000F1E157 /* Release */,
			);
			defaultConfigurationIsVisible = 0;
			defaultConfigurationName = Release;
		};
		3D7491492A9FC6A000F1E157 /* Build configuration list for PBXNativeTarget "easyOffiUITests" */ = {
			isa = XCConfigurationList;
			buildConfigurations = (
				3D74914A2A9FC6A000F1E157 /* Debug */,
				3D74914B2A9FC6A000F1E157 /* Release */,
			);
			defaultConfigurationIsVisible = 0;
			defaultConfigurationName = Release;
		};
/* End XCConfigurationList section */
	};
	rootObject = 3D7491172A9FC69F00F1E157 /* Project object */;
}
